// !$*UTF8*$!
{
	archiveVersion = 1;
	classes = {
	};
	objectVersion = 51;
	objects = {

/* Begin PBXBuildFile section */
		2D14958080302DD66FC054E3 /* Pods_Digilearn_001.framework in Frameworks */ = {isa = PBXBuildFile; fileRef = CE24FEA383FD1DA25B5B206F /* Pods_Digilearn_001.framework */; };
		64FDDDC222BC3AAEA3AD9E90 /* Pods_Digilearn_001Tests.framework in Frameworks */ = {isa = PBXBuildFile; fileRef = C13A768FA10A24EE2EC74FE9 /* Pods_Digilearn_001Tests.framework */; };
		B92A7281250087470010D52D /* LoginModel.swift in Sources */ = {isa = PBXBuildFile; fileRef = B92A7280250087470010D52D /* LoginModel.swift */; };
		B934AF4524FF4B82000FCEB3 /* AppDelegate.swift in Sources */ = {isa = PBXBuildFile; fileRef = B934AF4424FF4B82000FCEB3 /* AppDelegate.swift */; };
		B934AF4724FF4B82000FCEB3 /* SceneDelegate.swift in Sources */ = {isa = PBXBuildFile; fileRef = B934AF4624FF4B82000FCEB3 /* SceneDelegate.swift */; };
		B934AF4924FF4B82000FCEB3 /* ViewController.swift in Sources */ = {isa = PBXBuildFile; fileRef = B934AF4824FF4B82000FCEB3 /* ViewController.swift */; };
		B934AF4F24FF4B82000FCEB3 /* Digilearn_001.xcdatamodeld in Sources */ = {isa = PBXBuildFile; fileRef = B934AF4D24FF4B82000FCEB3 /* Digilearn_001.xcdatamodeld */; };
		B934AF5124FF4B85000FCEB3 /* Assets.xcassets in Resources */ = {isa = PBXBuildFile; fileRef = B934AF5024FF4B85000FCEB3 /* Assets.xcassets */; };
		B934AF5424FF4B85000FCEB3 /* LaunchScreen.storyboard in Resources */ = {isa = PBXBuildFile; fileRef = B934AF5224FF4B85000FCEB3 /* LaunchScreen.storyboard */; };
		B934AF5F24FF4B85000FCEB3 /* Digilearn_001Tests.swift in Sources */ = {isa = PBXBuildFile; fileRef = B934AF5E24FF4B85000FCEB3 /* Digilearn_001Tests.swift */; };
		B934AF6A24FF4B85000FCEB3 /* Digilearn_001UITests.swift in Sources */ = {isa = PBXBuildFile; fileRef = B934AF6924FF4B85000FCEB3 /* Digilearn_001UITests.swift */; };
		B934AFC924FF8380000FCEB3 /* color.xcassets in Resources */ = {isa = PBXBuildFile; fileRef = B934AFC824FF8380000FCEB3 /* color.xcassets */; };
		B934AFE024FFA88D000FCEB3 /* LoginViewController.swift in Sources */ = {isa = PBXBuildFile; fileRef = B934AFDE24FFA88D000FCEB3 /* LoginViewController.swift */; };
		B934AFE124FFA88D000FCEB3 /* LoginViewController.xib in Resources */ = {isa = PBXBuildFile; fileRef = B934AFDF24FFA88D000FCEB3 /* LoginViewController.xib */; };
		B94585DB2509C6DA00330DAC /* HomeViewController.swift in Sources */ = {isa = PBXBuildFile; fileRef = B94585D12509C6D900330DAC /* HomeViewController.swift */; };
		B94585DC2509C6DA00330DAC /* MenuTableViewCell.xib in Resources */ = {isa = PBXBuildFile; fileRef = B94585D32509C6D900330DAC /* MenuTableViewCell.xib */; };
		B94585DD2509C6DA00330DAC /* SliderTableViewCell.swift in Sources */ = {isa = PBXBuildFile; fileRef = B94585D42509C6D900330DAC /* SliderTableViewCell.swift */; };
		B94585DE2509C6DA00330DAC /* EventTableViewCell.xib in Resources */ = {isa = PBXBuildFile; fileRef = B94585D52509C6D900330DAC /* EventTableViewCell.xib */; };
		B94585DF2509C6DA00330DAC /* SliderTableViewCell.xib in Resources */ = {isa = PBXBuildFile; fileRef = B94585D62509C6D900330DAC /* SliderTableViewCell.xib */; };
		B94585E02509C6DA00330DAC /* EventTableViewCell.swift in Sources */ = {isa = PBXBuildFile; fileRef = B94585D72509C6D900330DAC /* EventTableViewCell.swift */; };
		B94585E12509C6DA00330DAC /* MenuTableViewCell.swift in Sources */ = {isa = PBXBuildFile; fileRef = B94585D82509C6D900330DAC /* MenuTableViewCell.swift */; };
		B94585E22509C6DA00330DAC /* BannerCollectionViewCell.swift in Sources */ = {isa = PBXBuildFile; fileRef = B94585D92509C6D900330DAC /* BannerCollectionViewCell.swift */; };
		B94585E32509C6DA00330DAC /* BannerCollectionViewCell.xib in Resources */ = {isa = PBXBuildFile; fileRef = B94585DA2509C6D900330DAC /* BannerCollectionViewCell.xib */; };
		B94585E72509CB1700330DAC /* HomeViewController.xib in Resources */ = {isa = PBXBuildFile; fileRef = B94585E52509CB1700330DAC /* HomeViewController.xib */; };
		B94585EA2509D1D800330DAC /* MyEventTableViewCell.swift in Sources */ = {isa = PBXBuildFile; fileRef = B94585E82509D1D800330DAC /* MyEventTableViewCell.swift */; };
		B94585EB2509D1D800330DAC /* MyEventTableViewCell.xib in Resources */ = {isa = PBXBuildFile; fileRef = B94585E92509D1D800330DAC /* MyEventTableViewCell.xib */; };
		B94585EE2509FDDF00330DAC /* EventDetailViewController.swift in Sources */ = {isa = PBXBuildFile; fileRef = B94585EC2509FDDF00330DAC /* EventDetailViewController.swift */; };
		B94585EF2509FDDF00330DAC /* EventDetailViewController.xib in Resources */ = {isa = PBXBuildFile; fileRef = B94585ED2509FDDF00330DAC /* EventDetailViewController.xib */; };
		B94585F1250A0D7D00330DAC /* EventDetailModel.swift in Sources */ = {isa = PBXBuildFile; fileRef = B94585F0250A0D7D00330DAC /* EventDetailModel.swift */; };
		B94585F3250A2FFE00330DAC /* RegisterEventModel.swift in Sources */ = {isa = PBXBuildFile; fileRef = B94585F2250A2FFE00330DAC /* RegisterEventModel.swift */; };
		B98C4490250B1AD900363F8C /* HomeTabBarController.swift in Sources */ = {isa = PBXBuildFile; fileRef = B98C448F250B1AD900363F8C /* HomeTabBarController.swift */; };
		B98C449B250B452B00363F8C /* HomeBannerTableViewCell.swift in Sources */ = {isa = PBXBuildFile; fileRef = B98C4499250B452B00363F8C /* HomeBannerTableViewCell.swift */; };
		B98C449C250B452B00363F8C /* HomeBannerTableViewCell.xib in Resources */ = {isa = PBXBuildFile; fileRef = B98C449A250B452B00363F8C /* HomeBannerTableViewCell.xib */; };
		B98C449F250B4DCA00363F8C /* BannerModel.swift in Sources */ = {isa = PBXBuildFile; fileRef = B98C449E250B4DCA00363F8C /* BannerModel.swift */; };
		B99FA3102505CC7400A59C59 /* SplashViewController.swift in Sources */ = {isa = PBXBuildFile; fileRef = B99FA30E2505CC7400A59C59 /* SplashViewController.swift */; };
		B99FA3112505CC7400A59C59 /* SplashViewController.xib in Resources */ = {isa = PBXBuildFile; fileRef = B99FA30F2505CC7400A59C59 /* SplashViewController.xib */; };
		B99FA3142505D2E600A59C59 /* PrivacyViewController.swift in Sources */ = {isa = PBXBuildFile; fileRef = B99FA3122505D2E600A59C59 /* PrivacyViewController.swift */; };
		B99FA3152505D2E600A59C59 /* PrivacyViewController.xib in Resources */ = {isa = PBXBuildFile; fileRef = B99FA3132505D2E600A59C59 /* PrivacyViewController.xib */; };
		B99FA3172505E07100A59C59 /* RegisterModel.swift in Sources */ = {isa = PBXBuildFile; fileRef = B99FA3162505E07100A59C59 /* RegisterModel.swift */; };
		B99FA31B2505E65D00A59C59 /* FAQViewController.swift in Sources */ = {isa = PBXBuildFile; fileRef = B99FA3192505E65D00A59C59 /* FAQViewController.swift */; };
		B99FA31C2505E65D00A59C59 /* FAQViewController.xib in Resources */ = {isa = PBXBuildFile; fileRef = B99FA31A2505E65D00A59C59 /* FAQViewController.xib */; };
		B99FA32025060A0B00A59C59 /* MyEventViewController.swift in Sources */ = {isa = PBXBuildFile; fileRef = B99FA31E25060A0B00A59C59 /* MyEventViewController.swift */; };
		B99FA32125060A0B00A59C59 /* MyEventViewController.xib in Resources */ = {isa = PBXBuildFile; fileRef = B99FA31F25060A0B00A59C59 /* MyEventViewController.xib */; };
		B99FA32625060C0B00A59C59 /* EventModel.swift in Sources */ = {isa = PBXBuildFile; fileRef = B99FA32525060C0B00A59C59 /* EventModel.swift */; };
		B9D0534D2501E06B00F1AC03 /* DigilearnParams.swift in Sources */ = {isa = PBXBuildFile; fileRef = B9D0534C2501E06B00F1AC03 /* DigilearnParams.swift */; };
		B9D053512501FF0500F1AC03 /* ForgetPasswordViewController.swift in Sources */ = {isa = PBXBuildFile; fileRef = B9D0534F2501FF0500F1AC03 /* ForgetPasswordViewController.swift */; };
		B9D053522501FF0500F1AC03 /* ForgetPasswordViewController.xib in Resources */ = {isa = PBXBuildFile; fileRef = B9D053502501FF0500F1AC03 /* ForgetPasswordViewController.xib */; };
		B9D053542502185600F1AC03 /* ForgetPasswordModel.swift in Sources */ = {isa = PBXBuildFile; fileRef = B9D053532502185600F1AC03 /* ForgetPasswordModel.swift */; };
		B9D05357250225A600F1AC03 /* DigilearnKeys.swift in Sources */ = {isa = PBXBuildFile; fileRef = B9D05356250225A600F1AC03 /* DigilearnKeys.swift */; };
		B9D0535A2502278F00F1AC03 /* RegisterViewController.swift in Sources */ = {isa = PBXBuildFile; fileRef = B9D053582502278F00F1AC03 /* RegisterViewController.swift */; };
		B9D0535B2502278F00F1AC03 /* RegisterViewController.xib in Resources */ = {isa = PBXBuildFile; fileRef = B9D053592502278F00F1AC03 /* RegisterViewController.xib */; };
		B9D0535D2502369500F1AC03 /* BottomBorderTF.swift in Sources */ = {isa = PBXBuildFile; fileRef = B9D0535C2502369500F1AC03 /* BottomBorderTF.swift */; };
		EFC7323794321BEB69C47BCE /* Pods_Digilearn_001_Digilearn_001UITests.framework in Frameworks */ = {isa = PBXBuildFile; fileRef = 45CD92DF232C349F46A9A8DF /* Pods_Digilearn_001_Digilearn_001UITests.framework */; };
/* End PBXBuildFile section */

/* Begin PBXContainerItemProxy section */
		B934AF5B24FF4B85000FCEB3 /* PBXContainerItemProxy */ = {
			isa = PBXContainerItemProxy;
			containerPortal = B934AF3924FF4B82000FCEB3 /* Project object */;
			proxyType = 1;
			remoteGlobalIDString = B934AF4024FF4B82000FCEB3;
			remoteInfo = Digilearn_001;
		};
		B934AF6624FF4B85000FCEB3 /* PBXContainerItemProxy */ = {
			isa = PBXContainerItemProxy;
			containerPortal = B934AF3924FF4B82000FCEB3 /* Project object */;
			proxyType = 1;
			remoteGlobalIDString = B934AF4024FF4B82000FCEB3;
			remoteInfo = Digilearn_001;
		};
/* End PBXContainerItemProxy section */

/* Begin PBXFileReference section */
		09F9B172F064428230966740 /* Pods-Digilearn_001.debug.xcconfig */ = {isa = PBXFileReference; includeInIndex = 1; lastKnownFileType = text.xcconfig; name = "Pods-Digilearn_001.debug.xcconfig"; path = "Target Support Files/Pods-Digilearn_001/Pods-Digilearn_001.debug.xcconfig"; sourceTree = "<group>"; };
		2C1E4F818D30DD7A95EF9C7F /* Pods-Digilearn_001Tests.debug.xcconfig */ = {isa = PBXFileReference; includeInIndex = 1; lastKnownFileType = text.xcconfig; name = "Pods-Digilearn_001Tests.debug.xcconfig"; path = "Target Support Files/Pods-Digilearn_001Tests/Pods-Digilearn_001Tests.debug.xcconfig"; sourceTree = "<group>"; };
		45CD92DF232C349F46A9A8DF /* Pods_Digilearn_001_Digilearn_001UITests.framework */ = {isa = PBXFileReference; explicitFileType = wrapper.framework; includeInIndex = 0; path = Pods_Digilearn_001_Digilearn_001UITests.framework; sourceTree = BUILT_PRODUCTS_DIR; };
		472D2387F0542EC167DCF5C4 /* Pods-Digilearn_001-Digilearn_001UITests.debug.xcconfig */ = {isa = PBXFileReference; includeInIndex = 1; lastKnownFileType = text.xcconfig; name = "Pods-Digilearn_001-Digilearn_001UITests.debug.xcconfig"; path = "Target Support Files/Pods-Digilearn_001-Digilearn_001UITests/Pods-Digilearn_001-Digilearn_001UITests.debug.xcconfig"; sourceTree = "<group>"; };
		5D64FDB60A9BBFC9B4C1B9F6 /* Pods-Digilearn_001-Digilearn_001UITests.release.xcconfig */ = {isa = PBXFileReference; includeInIndex = 1; lastKnownFileType = text.xcconfig; name = "Pods-Digilearn_001-Digilearn_001UITests.release.xcconfig"; path = "Target Support Files/Pods-Digilearn_001-Digilearn_001UITests/Pods-Digilearn_001-Digilearn_001UITests.release.xcconfig"; sourceTree = "<group>"; };
		8C6B55D88B707C87B25641EC /* Pods-Digilearn_001.release.xcconfig */ = {isa = PBXFileReference; includeInIndex = 1; lastKnownFileType = text.xcconfig; name = "Pods-Digilearn_001.release.xcconfig"; path = "Target Support Files/Pods-Digilearn_001/Pods-Digilearn_001.release.xcconfig"; sourceTree = "<group>"; };
		B92A7280250087470010D52D /* LoginModel.swift */ = {isa = PBXFileReference; lastKnownFileType = sourcecode.swift; path = LoginModel.swift; sourceTree = "<group>"; };
		B934AF4124FF4B82000FCEB3 /* Digilearn_001.app */ = {isa = PBXFileReference; explicitFileType = wrapper.application; includeInIndex = 0; path = Digilearn_001.app; sourceTree = BUILT_PRODUCTS_DIR; };
		B934AF4424FF4B82000FCEB3 /* AppDelegate.swift */ = {isa = PBXFileReference; lastKnownFileType = sourcecode.swift; path = AppDelegate.swift; sourceTree = "<group>"; };
		B934AF4624FF4B82000FCEB3 /* SceneDelegate.swift */ = {isa = PBXFileReference; lastKnownFileType = sourcecode.swift; path = SceneDelegate.swift; sourceTree = "<group>"; };
		B934AF4824FF4B82000FCEB3 /* ViewController.swift */ = {isa = PBXFileReference; lastKnownFileType = sourcecode.swift; path = ViewController.swift; sourceTree = "<group>"; };
		B934AF4E24FF4B82000FCEB3 /* Digilearn_001.xcdatamodel */ = {isa = PBXFileReference; lastKnownFileType = wrapper.xcdatamodel; path = Digilearn_001.xcdatamodel; sourceTree = "<group>"; };
		B934AF5024FF4B85000FCEB3 /* Assets.xcassets */ = {isa = PBXFileReference; lastKnownFileType = folder.assetcatalog; path = Assets.xcassets; sourceTree = "<group>"; };
		B934AF5324FF4B85000FCEB3 /* Base */ = {isa = PBXFileReference; lastKnownFileType = file.storyboard; name = Base; path = Base.lproj/LaunchScreen.storyboard; sourceTree = "<group>"; };
		B934AF5524FF4B85000FCEB3 /* Info.plist */ = {isa = PBXFileReference; lastKnownFileType = text.plist.xml; path = Info.plist; sourceTree = "<group>"; };
		B934AF5A24FF4B85000FCEB3 /* Digilearn_001Tests.xctest */ = {isa = PBXFileReference; explicitFileType = wrapper.cfbundle; includeInIndex = 0; path = Digilearn_001Tests.xctest; sourceTree = BUILT_PRODUCTS_DIR; };
		B934AF5E24FF4B85000FCEB3 /* Digilearn_001Tests.swift */ = {isa = PBXFileReference; lastKnownFileType = sourcecode.swift; path = Digilearn_001Tests.swift; sourceTree = "<group>"; };
		B934AF6024FF4B85000FCEB3 /* Info.plist */ = {isa = PBXFileReference; lastKnownFileType = text.plist.xml; path = Info.plist; sourceTree = "<group>"; };
		B934AF6524FF4B85000FCEB3 /* Digilearn_001UITests.xctest */ = {isa = PBXFileReference; explicitFileType = wrapper.cfbundle; includeInIndex = 0; path = Digilearn_001UITests.xctest; sourceTree = BUILT_PRODUCTS_DIR; };
		B934AF6924FF4B85000FCEB3 /* Digilearn_001UITests.swift */ = {isa = PBXFileReference; lastKnownFileType = sourcecode.swift; path = Digilearn_001UITests.swift; sourceTree = "<group>"; };
		B934AF6B24FF4B85000FCEB3 /* Info.plist */ = {isa = PBXFileReference; lastKnownFileType = text.plist.xml; path = Info.plist; sourceTree = "<group>"; };
		B934AFC824FF8380000FCEB3 /* color.xcassets */ = {isa = PBXFileReference; lastKnownFileType = folder.assetcatalog; path = color.xcassets; sourceTree = "<group>"; };
		B934AFDE24FFA88D000FCEB3 /* LoginViewController.swift */ = {isa = PBXFileReference; lastKnownFileType = sourcecode.swift; path = LoginViewController.swift; sourceTree = "<group>"; };
		B934AFDF24FFA88D000FCEB3 /* LoginViewController.xib */ = {isa = PBXFileReference; lastKnownFileType = file.xib; path = LoginViewController.xib; sourceTree = "<group>"; };
		B94585D12509C6D900330DAC /* HomeViewController.swift */ = {isa = PBXFileReference; fileEncoding = 4; lastKnownFileType = sourcecode.swift; path = HomeViewController.swift; sourceTree = "<group>"; };
		B94585D32509C6D900330DAC /* MenuTableViewCell.xib */ = {isa = PBXFileReference; fileEncoding = 4; lastKnownFileType = file.xib; path = MenuTableViewCell.xib; sourceTree = "<group>"; };
		B94585D42509C6D900330DAC /* SliderTableViewCell.swift */ = {isa = PBXFileReference; fileEncoding = 4; lastKnownFileType = sourcecode.swift; path = SliderTableViewCell.swift; sourceTree = "<group>"; };
		B94585D52509C6D900330DAC /* EventTableViewCell.xib */ = {isa = PBXFileReference; fileEncoding = 4; lastKnownFileType = file.xib; path = EventTableViewCell.xib; sourceTree = "<group>"; };
		B94585D62509C6D900330DAC /* SliderTableViewCell.xib */ = {isa = PBXFileReference; fileEncoding = 4; lastKnownFileType = file.xib; path = SliderTableViewCell.xib; sourceTree = "<group>"; };
		B94585D72509C6D900330DAC /* EventTableViewCell.swift */ = {isa = PBXFileReference; fileEncoding = 4; lastKnownFileType = sourcecode.swift; path = EventTableViewCell.swift; sourceTree = "<group>"; };
		B94585D82509C6D900330DAC /* MenuTableViewCell.swift */ = {isa = PBXFileReference; fileEncoding = 4; lastKnownFileType = sourcecode.swift; path = MenuTableViewCell.swift; sourceTree = "<group>"; };
		B94585D92509C6D900330DAC /* BannerCollectionViewCell.swift */ = {isa = PBXFileReference; fileEncoding = 4; lastKnownFileType = sourcecode.swift; path = BannerCollectionViewCell.swift; sourceTree = "<group>"; };
		B94585DA2509C6D900330DAC /* BannerCollectionViewCell.xib */ = {isa = PBXFileReference; fileEncoding = 4; lastKnownFileType = file.xib; path = BannerCollectionViewCell.xib; sourceTree = "<group>"; };
		B94585E52509CB1700330DAC /* HomeViewController.xib */ = {isa = PBXFileReference; lastKnownFileType = file.xib; path = HomeViewController.xib; sourceTree = "<group>"; };
		B94585E82509D1D800330DAC /* MyEventTableViewCell.swift */ = {isa = PBXFileReference; lastKnownFileType = sourcecode.swift; path = MyEventTableViewCell.swift; sourceTree = "<group>"; };
		B94585E92509D1D800330DAC /* MyEventTableViewCell.xib */ = {isa = PBXFileReference; lastKnownFileType = file.xib; path = MyEventTableViewCell.xib; sourceTree = "<group>"; };
		B94585EC2509FDDF00330DAC /* EventDetailViewController.swift */ = {isa = PBXFileReference; lastKnownFileType = sourcecode.swift; path = EventDetailViewController.swift; sourceTree = "<group>"; };
		B94585ED2509FDDF00330DAC /* EventDetailViewController.xib */ = {isa = PBXFileReference; lastKnownFileType = file.xib; path = EventDetailViewController.xib; sourceTree = "<group>"; };
		B94585F0250A0D7D00330DAC /* EventDetailModel.swift */ = {isa = PBXFileReference; lastKnownFileType = sourcecode.swift; path = EventDetailModel.swift; sourceTree = "<group>"; };
		B94585F2250A2FFE00330DAC /* RegisterEventModel.swift */ = {isa = PBXFileReference; lastKnownFileType = sourcecode.swift; path = RegisterEventModel.swift; sourceTree = "<group>"; };
		B98C448F250B1AD900363F8C /* HomeTabBarController.swift */ = {isa = PBXFileReference; lastKnownFileType = sourcecode.swift; path = HomeTabBarController.swift; sourceTree = "<group>"; };
		B98C4499250B452B00363F8C /* HomeBannerTableViewCell.swift */ = {isa = PBXFileReference; lastKnownFileType = sourcecode.swift; path = HomeBannerTableViewCell.swift; sourceTree = "<group>"; };
		B98C449A250B452B00363F8C /* HomeBannerTableViewCell.xib */ = {isa = PBXFileReference; lastKnownFileType = file.xib; path = HomeBannerTableViewCell.xib; sourceTree = "<group>"; };
		B98C449E250B4DCA00363F8C /* BannerModel.swift */ = {isa = PBXFileReference; lastKnownFileType = sourcecode.swift; path = BannerModel.swift; sourceTree = "<group>"; };
		B99FA30E2505CC7400A59C59 /* SplashViewController.swift */ = {isa = PBXFileReference; lastKnownFileType = sourcecode.swift; path = SplashViewController.swift; sourceTree = "<group>"; };
		B99FA30F2505CC7400A59C59 /* SplashViewController.xib */ = {isa = PBXFileReference; lastKnownFileType = file.xib; path = SplashViewController.xib; sourceTree = "<group>"; };
		B99FA3122505D2E600A59C59 /* PrivacyViewController.swift */ = {isa = PBXFileReference; lastKnownFileType = sourcecode.swift; path = PrivacyViewController.swift; sourceTree = "<group>"; };
		B99FA3132505D2E600A59C59 /* PrivacyViewController.xib */ = {isa = PBXFileReference; lastKnownFileType = file.xib; path = PrivacyViewController.xib; sourceTree = "<group>"; };
		B99FA3162505E07100A59C59 /* RegisterModel.swift */ = {isa = PBXFileReference; lastKnownFileType = sourcecode.swift; path = RegisterModel.swift; sourceTree = "<group>"; };
		B99FA3192505E65D00A59C59 /* FAQViewController.swift */ = {isa = PBXFileReference; lastKnownFileType = sourcecode.swift; path = FAQViewController.swift; sourceTree = "<group>"; };
		B99FA31A2505E65D00A59C59 /* FAQViewController.xib */ = {isa = PBXFileReference; lastKnownFileType = file.xib; path = FAQViewController.xib; sourceTree = "<group>"; };
		B99FA31E25060A0B00A59C59 /* MyEventViewController.swift */ = {isa = PBXFileReference; lastKnownFileType = sourcecode.swift; path = MyEventViewController.swift; sourceTree = "<group>"; };
		B99FA31F25060A0B00A59C59 /* MyEventViewController.xib */ = {isa = PBXFileReference; lastKnownFileType = file.xib; path = MyEventViewController.xib; sourceTree = "<group>"; };
		B99FA32525060C0B00A59C59 /* EventModel.swift */ = {isa = PBXFileReference; lastKnownFileType = sourcecode.swift; path = EventModel.swift; sourceTree = "<group>"; };
		B9D0534C2501E06B00F1AC03 /* DigilearnParams.swift */ = {isa = PBXFileReference; lastKnownFileType = sourcecode.swift; path = DigilearnParams.swift; sourceTree = "<group>"; };
		B9D0534F2501FF0500F1AC03 /* ForgetPasswordViewController.swift */ = {isa = PBXFileReference; lastKnownFileType = sourcecode.swift; path = ForgetPasswordViewController.swift; sourceTree = "<group>"; };
		B9D053502501FF0500F1AC03 /* ForgetPasswordViewController.xib */ = {isa = PBXFileReference; lastKnownFileType = file.xib; path = ForgetPasswordViewController.xib; sourceTree = "<group>"; };
		B9D053532502185600F1AC03 /* ForgetPasswordModel.swift */ = {isa = PBXFileReference; lastKnownFileType = sourcecode.swift; path = ForgetPasswordModel.swift; sourceTree = "<group>"; };
		B9D05356250225A600F1AC03 /* DigilearnKeys.swift */ = {isa = PBXFileReference; lastKnownFileType = sourcecode.swift; path = DigilearnKeys.swift; sourceTree = "<group>"; };
		B9D053582502278F00F1AC03 /* RegisterViewController.swift */ = {isa = PBXFileReference; lastKnownFileType = sourcecode.swift; path = RegisterViewController.swift; sourceTree = "<group>"; };
		B9D053592502278F00F1AC03 /* RegisterViewController.xib */ = {isa = PBXFileReference; lastKnownFileType = file.xib; path = RegisterViewController.xib; sourceTree = "<group>"; };
		B9D0535C2502369500F1AC03 /* BottomBorderTF.swift */ = {isa = PBXFileReference; lastKnownFileType = sourcecode.swift; path = BottomBorderTF.swift; sourceTree = "<group>"; };
		BC42425861CC009612B8FC89 /* Pods-Digilearn_001Tests.release.xcconfig */ = {isa = PBXFileReference; includeInIndex = 1; lastKnownFileType = text.xcconfig; name = "Pods-Digilearn_001Tests.release.xcconfig"; path = "Target Support Files/Pods-Digilearn_001Tests/Pods-Digilearn_001Tests.release.xcconfig"; sourceTree = "<group>"; };
		C13A768FA10A24EE2EC74FE9 /* Pods_Digilearn_001Tests.framework */ = {isa = PBXFileReference; explicitFileType = wrapper.framework; includeInIndex = 0; path = Pods_Digilearn_001Tests.framework; sourceTree = BUILT_PRODUCTS_DIR; };
		CE24FEA383FD1DA25B5B206F /* Pods_Digilearn_001.framework */ = {isa = PBXFileReference; explicitFileType = wrapper.framework; includeInIndex = 0; path = Pods_Digilearn_001.framework; sourceTree = BUILT_PRODUCTS_DIR; };
/* End PBXFileReference section */

/* Begin PBXFrameworksBuildPhase section */
		B934AF3E24FF4B82000FCEB3 /* Frameworks */ = {
			isa = PBXFrameworksBuildPhase;
			buildActionMask = 2147483647;
			files = (
				2D14958080302DD66FC054E3 /* Pods_Digilearn_001.framework in Frameworks */,
			);
			runOnlyForDeploymentPostprocessing = 0;
		};
		B934AF5724FF4B85000FCEB3 /* Frameworks */ = {
			isa = PBXFrameworksBuildPhase;
			buildActionMask = 2147483647;
			files = (
				64FDDDC222BC3AAEA3AD9E90 /* Pods_Digilearn_001Tests.framework in Frameworks */,
			);
			runOnlyForDeploymentPostprocessing = 0;
		};
		B934AF6224FF4B85000FCEB3 /* Frameworks */ = {
			isa = PBXFrameworksBuildPhase;
			buildActionMask = 2147483647;
			files = (
				EFC7323794321BEB69C47BCE /* Pods_Digilearn_001_Digilearn_001UITests.framework in Frameworks */,
			);
			runOnlyForDeploymentPostprocessing = 0;
		};
/* End PBXFrameworksBuildPhase section */

/* Begin PBXGroup section */
		12553DA48A80407200726B70 /* Pods */ = {
			isa = PBXGroup;
			children = (
				09F9B172F064428230966740 /* Pods-Digilearn_001.debug.xcconfig */,
				8C6B55D88B707C87B25641EC /* Pods-Digilearn_001.release.xcconfig */,
				472D2387F0542EC167DCF5C4 /* Pods-Digilearn_001-Digilearn_001UITests.debug.xcconfig */,
				5D64FDB60A9BBFC9B4C1B9F6 /* Pods-Digilearn_001-Digilearn_001UITests.release.xcconfig */,
				2C1E4F818D30DD7A95EF9C7F /* Pods-Digilearn_001Tests.debug.xcconfig */,
				BC42425861CC009612B8FC89 /* Pods-Digilearn_001Tests.release.xcconfig */,
			);
			path = Pods;
			sourceTree = "<group>";
		};
		162D00D9C7C0BF98F849EB07 /* Frameworks */ = {
			isa = PBXGroup;
			children = (
				CE24FEA383FD1DA25B5B206F /* Pods_Digilearn_001.framework */,
				45CD92DF232C349F46A9A8DF /* Pods_Digilearn_001_Digilearn_001UITests.framework */,
				C13A768FA10A24EE2EC74FE9 /* Pods_Digilearn_001Tests.framework */,
			);
			name = Frameworks;
			sourceTree = "<group>";
		};
		B92A727F250087220010D52D /* model */ = {
			isa = PBXGroup;
			children = (
				B92A7280250087470010D52D /* LoginModel.swift */,
			);
			path = model;
			sourceTree = "<group>";
		};
		B934AF3824FF4B82000FCEB3 = {
			isa = PBXGroup;
			children = (
				B934AF4324FF4B82000FCEB3 /* Digilearn_001 */,
				B934AF5D24FF4B85000FCEB3 /* Digilearn_001Tests */,
				B934AF6824FF4B85000FCEB3 /* Digilearn_001UITests */,
				B934AF4224FF4B82000FCEB3 /* Products */,
				12553DA48A80407200726B70 /* Pods */,
				162D00D9C7C0BF98F849EB07 /* Frameworks */,
			);
			sourceTree = "<group>";
		};
		B934AF4224FF4B82000FCEB3 /* Products */ = {
			isa = PBXGroup;
			children = (
				B934AF4124FF4B82000FCEB3 /* Digilearn_001.app */,
				B934AF5A24FF4B85000FCEB3 /* Digilearn_001Tests.xctest */,
				B934AF6524FF4B85000FCEB3 /* Digilearn_001UITests.xctest */,
			);
			name = Products;
			sourceTree = "<group>";
		};
		B934AF4324FF4B82000FCEB3 /* Digilearn_001 */ = {
			isa = PBXGroup;
			children = (
				B94585CF2509C6D900330DAC /* Home */,
				B99FA31D250609E300A59C59 /* events */,
				B99FA3182505E64300A59C59 /* faq */,
				B99FA30D2505CC5A00A59C59 /* splash */,
				B9D053552502216D00F1AC03 /* register */,
				B9D0534E2501FEB200F1AC03 /* forget */,
				B9D0534B2501E04100F1AC03 /* utils */,
				B934AFC324FF7988000FCEB3 /* login */,
				B934AF4424FF4B82000FCEB3 /* AppDelegate.swift */,
				B934AF4624FF4B82000FCEB3 /* SceneDelegate.swift */,
				B934AF4824FF4B82000FCEB3 /* ViewController.swift */,
				B934AF5024FF4B85000FCEB3 /* Assets.xcassets */,
				B934AF5224FF4B85000FCEB3 /* LaunchScreen.storyboard */,
				B934AF5524FF4B85000FCEB3 /* Info.plist */,
				B934AF4D24FF4B82000FCEB3 /* Digilearn_001.xcdatamodeld */,
				B934AFC824FF8380000FCEB3 /* color.xcassets */,
			);
			path = Digilearn_001;
			sourceTree = "<group>";
		};
		B934AF5D24FF4B85000FCEB3 /* Digilearn_001Tests */ = {
			isa = PBXGroup;
			children = (
				B934AF5E24FF4B85000FCEB3 /* Digilearn_001Tests.swift */,
				B934AF6024FF4B85000FCEB3 /* Info.plist */,
			);
			path = Digilearn_001Tests;
			sourceTree = "<group>";
		};
		B934AF6824FF4B85000FCEB3 /* Digilearn_001UITests */ = {
			isa = PBXGroup;
			children = (
				B934AF6924FF4B85000FCEB3 /* Digilearn_001UITests.swift */,
				B934AF6B24FF4B85000FCEB3 /* Info.plist */,
			);
			path = Digilearn_001UITests;
			sourceTree = "<group>";
		};
		B934AFC324FF7988000FCEB3 /* login */ = {
			isa = PBXGroup;
			children = (
				B934AFDE24FFA88D000FCEB3 /* LoginViewController.swift */,
				B934AFDF24FFA88D000FCEB3 /* LoginViewController.xib */,
				B92A727F250087220010D52D /* model */,
				B98C448F250B1AD900363F8C /* HomeTabBarController.swift */,
			);
			path = login;
			sourceTree = "<group>";
		};
		B94585CF2509C6D900330DAC /* Home */ = {
			isa = PBXGroup;
			children = (
				B98C449D250B4DC100363F8C /* model */,
				B94585D02509C6D900330DAC /* ViewController */,
				B94585D22509C6D900330DAC /* Views */,
			);
			path = Home;
			sourceTree = "<group>";
		};
		B94585D02509C6D900330DAC /* ViewController */ = {
			isa = PBXGroup;
			children = (
				B94585D12509C6D900330DAC /* HomeViewController.swift */,
				B94585E52509CB1700330DAC /* HomeViewController.xib */,
			);
			path = ViewController;
			sourceTree = "<group>";
		};
		B94585D22509C6D900330DAC /* Views */ = {
			isa = PBXGroup;
			children = (
				B94585D82509C6D900330DAC /* MenuTableViewCell.swift */,
				B94585D32509C6D900330DAC /* MenuTableViewCell.xib */,
				B94585D72509C6D900330DAC /* EventTableViewCell.swift */,
				B94585D52509C6D900330DAC /* EventTableViewCell.xib */,
				B94585D42509C6D900330DAC /* SliderTableViewCell.swift */,
				B94585D62509C6D900330DAC /* SliderTableViewCell.xib */,
				B94585D92509C6D900330DAC /* BannerCollectionViewCell.swift */,
				B94585DA2509C6D900330DAC /* BannerCollectionViewCell.xib */,
				B98C4499250B452B00363F8C /* HomeBannerTableViewCell.swift */,
				B98C449A250B452B00363F8C /* HomeBannerTableViewCell.xib */,
			);
			path = Views;
			sourceTree = "<group>";
		};
		B98C449D250B4DC100363F8C /* model */ = {
			isa = PBXGroup;
			children = (
				B98C449E250B4DCA00363F8C /* BannerModel.swift */,
			);
			path = model;
			sourceTree = "<group>";
		};
		B99FA30D2505CC5A00A59C59 /* splash */ = {
			isa = PBXGroup;
			children = (
				B99FA30E2505CC7400A59C59 /* SplashViewController.swift */,
				B99FA30F2505CC7400A59C59 /* SplashViewController.xib */,
			);
			path = splash;
			sourceTree = "<group>";
		};
		B99FA3182505E64300A59C59 /* faq */ = {
			isa = PBXGroup;
			children = (
				B99FA3192505E65D00A59C59 /* FAQViewController.swift */,
				B99FA31A2505E65D00A59C59 /* FAQViewController.xib */,
			);
			path = faq;
			sourceTree = "<group>";
		};
		B99FA31D250609E300A59C59 /* events */ = {
			isa = PBXGroup;
			children = (
				B99FA32425060BFE00A59C59 /* model */,
				B99FA31E25060A0B00A59C59 /* MyEventViewController.swift */,
				B99FA31F25060A0B00A59C59 /* MyEventViewController.xib */,
				B94585E82509D1D800330DAC /* MyEventTableViewCell.swift */,
				B94585E92509D1D800330DAC /* MyEventTableViewCell.xib */,
				B94585EC2509FDDF00330DAC /* EventDetailViewController.swift */,
				B94585ED2509FDDF00330DAC /* EventDetailViewController.xib */,
			);
			path = events;
			sourceTree = "<group>";
		};
		B99FA32225060BEC00A59C59 /* model */ = {
			isa = PBXGroup;
			children = (
				B9D053532502185600F1AC03 /* ForgetPasswordModel.swift */,
			);
			path = model;
			sourceTree = "<group>";
		};
		B99FA32325060BF500A59C59 /* model */ = {
			isa = PBXGroup;
			children = (
				B99FA3162505E07100A59C59 /* RegisterModel.swift */,
			);
			path = model;
			sourceTree = "<group>";
		};
		B99FA32425060BFE00A59C59 /* model */ = {
			isa = PBXGroup;
			children = (
				B99FA32525060C0B00A59C59 /* EventModel.swift */,
				B94585F0250A0D7D00330DAC /* EventDetailModel.swift */,
				B94585F2250A2FFE00330DAC /* RegisterEventModel.swift */,
			);
			path = model;
			sourceTree = "<group>";
		};
		B9D0534B2501E04100F1AC03 /* utils */ = {
			isa = PBXGroup;
			children = (
				B9D0534C2501E06B00F1AC03 /* DigilearnParams.swift */,
				B9D05356250225A600F1AC03 /* DigilearnKeys.swift */,
				B9D0535C2502369500F1AC03 /* BottomBorderTF.swift */,
			);
			path = utils;
			sourceTree = "<group>";
		};
		B9D0534E2501FEB200F1AC03 /* forget */ = {
			isa = PBXGroup;
			children = (
				B99FA32225060BEC00A59C59 /* model */,
				B9D0534F2501FF0500F1AC03 /* ForgetPasswordViewController.swift */,
				B9D053502501FF0500F1AC03 /* ForgetPasswordViewController.xib */,
			);
			path = forget;
			sourceTree = "<group>";
		};
		B9D053552502216D00F1AC03 /* register */ = {
			isa = PBXGroup;
			children = (
				B99FA32325060BF500A59C59 /* model */,
				B9D053582502278F00F1AC03 /* RegisterViewController.swift */,
				B9D053592502278F00F1AC03 /* RegisterViewController.xib */,
				B99FA3122505D2E600A59C59 /* PrivacyViewController.swift */,
				B99FA3132505D2E600A59C59 /* PrivacyViewController.xib */,
			);
			path = register;
			sourceTree = "<group>";
		};
/* End PBXGroup section */

/* Begin PBXNativeTarget section */
		B934AF4024FF4B82000FCEB3 /* Digilearn_001 */ = {
			isa = PBXNativeTarget;
			buildConfigurationList = B934AF6E24FF4B85000FCEB3 /* Build configuration list for PBXNativeTarget "Digilearn_001" */;
			buildPhases = (
				0708A7B8B4A8672AF275E883 /* [CP] Check Pods Manifest.lock */,
				B934AF3D24FF4B82000FCEB3 /* Sources */,
				B934AF3E24FF4B82000FCEB3 /* Frameworks */,
				B934AF3F24FF4B82000FCEB3 /* Resources */,
				C48012515100904DB48AFA58 /* [CP] Embed Pods Frameworks */,
			);
			buildRules = (
			);
			dependencies = (
			);
			name = Digilearn_001;
			productName = Digilearn_001;
			productReference = B934AF4124FF4B82000FCEB3 /* Digilearn_001.app */;
			productType = "com.apple.product-type.application";
		};
		B934AF5924FF4B85000FCEB3 /* Digilearn_001Tests */ = {
			isa = PBXNativeTarget;
			buildConfigurationList = B934AF7124FF4B85000FCEB3 /* Build configuration list for PBXNativeTarget "Digilearn_001Tests" */;
			buildPhases = (
				1DA1DB7F363E1944D12222DC /* [CP] Check Pods Manifest.lock */,
				B934AF5624FF4B85000FCEB3 /* Sources */,
				B934AF5724FF4B85000FCEB3 /* Frameworks */,
				B934AF5824FF4B85000FCEB3 /* Resources */,
			);
			buildRules = (
			);
			dependencies = (
				B934AF5C24FF4B85000FCEB3 /* PBXTargetDependency */,
			);
			name = Digilearn_001Tests;
			productName = Digilearn_001Tests;
			productReference = B934AF5A24FF4B85000FCEB3 /* Digilearn_001Tests.xctest */;
			productType = "com.apple.product-type.bundle.unit-test";
		};
		B934AF6424FF4B85000FCEB3 /* Digilearn_001UITests */ = {
			isa = PBXNativeTarget;
			buildConfigurationList = B934AF7424FF4B85000FCEB3 /* Build configuration list for PBXNativeTarget "Digilearn_001UITests" */;
			buildPhases = (
				EA763A3C3C20D85541372C1B /* [CP] Check Pods Manifest.lock */,
				B934AF6124FF4B85000FCEB3 /* Sources */,
				B934AF6224FF4B85000FCEB3 /* Frameworks */,
				B934AF6324FF4B85000FCEB3 /* Resources */,
				6381B8E625374A22F196270E /* [CP] Embed Pods Frameworks */,
			);
			buildRules = (
			);
			dependencies = (
				B934AF6724FF4B85000FCEB3 /* PBXTargetDependency */,
			);
			name = Digilearn_001UITests;
			productName = Digilearn_001UITests;
			productReference = B934AF6524FF4B85000FCEB3 /* Digilearn_001UITests.xctest */;
			productType = "com.apple.product-type.bundle.ui-testing";
		};
/* End PBXNativeTarget section */

/* Begin PBXProject section */
		B934AF3924FF4B82000FCEB3 /* Project object */ = {
			isa = PBXProject;
			attributes = {
				LastSwiftUpdateCheck = 1130;
				LastUpgradeCheck = 1130;
				ORGANIZATIONNAME = Digimaster;
				TargetAttributes = {
					B934AF4024FF4B82000FCEB3 = {
						CreatedOnToolsVersion = 11.3.1;
					};
					B934AF5924FF4B85000FCEB3 = {
						CreatedOnToolsVersion = 11.3.1;
						TestTargetID = B934AF4024FF4B82000FCEB3;
					};
					B934AF6424FF4B85000FCEB3 = {
						CreatedOnToolsVersion = 11.3.1;
						TestTargetID = B934AF4024FF4B82000FCEB3;
					};
				};
			};
			buildConfigurationList = B934AF3C24FF4B82000FCEB3 /* Build configuration list for PBXProject "Digilearn_001" */;
			compatibilityVersion = "Xcode 9.3";
			developmentRegion = en;
			hasScannedForEncodings = 0;
			knownRegions = (
				en,
				Base,
			);
			mainGroup = B934AF3824FF4B82000FCEB3;
			productRefGroup = B934AF4224FF4B82000FCEB3 /* Products */;
			projectDirPath = "";
			projectRoot = "";
			targets = (
				B934AF4024FF4B82000FCEB3 /* Digilearn_001 */,
				B934AF5924FF4B85000FCEB3 /* Digilearn_001Tests */,
				B934AF6424FF4B85000FCEB3 /* Digilearn_001UITests */,
			);
		};
/* End PBXProject section */

/* Begin PBXResourcesBuildPhase section */
		B934AF3F24FF4B82000FCEB3 /* Resources */ = {
			isa = PBXResourcesBuildPhase;
			buildActionMask = 2147483647;
			files = (
				B94585DE2509C6DA00330DAC /* EventTableViewCell.xib in Resources */,
				B934AFE124FFA88D000FCEB3 /* LoginViewController.xib in Resources */,
				B9D053522501FF0500F1AC03 /* ForgetPasswordViewController.xib in Resources */,
				B934AF5424FF4B85000FCEB3 /* LaunchScreen.storyboard in Resources */,
				B94585EB2509D1D800330DAC /* MyEventTableViewCell.xib in Resources */,
				B99FA3112505CC7400A59C59 /* SplashViewController.xib in Resources */,
				B934AF5124FF4B85000FCEB3 /* Assets.xcassets in Resources */,
				B99FA32125060A0B00A59C59 /* MyEventViewController.xib in Resources */,
				B98C449C250B452B00363F8C /* HomeBannerTableViewCell.xib in Resources */,
				B934AFC924FF8380000FCEB3 /* color.xcassets in Resources */,
				B94585DF2509C6DA00330DAC /* SliderTableViewCell.xib in Resources */,
				B9D0535B2502278F00F1AC03 /* RegisterViewController.xib in Resources */,
				B94585EF2509FDDF00330DAC /* EventDetailViewController.xib in Resources */,
				B94585DC2509C6DA00330DAC /* MenuTableViewCell.xib in Resources */,
				B99FA31C2505E65D00A59C59 /* FAQViewController.xib in Resources */,
				B94585E72509CB1700330DAC /* HomeViewController.xib in Resources */,
				B94585E32509C6DA00330DAC /* BannerCollectionViewCell.xib in Resources */,
				B99FA3152505D2E600A59C59 /* PrivacyViewController.xib in Resources */,
			);
			runOnlyForDeploymentPostprocessing = 0;
		};
		B934AF5824FF4B85000FCEB3 /* Resources */ = {
			isa = PBXResourcesBuildPhase;
			buildActionMask = 2147483647;
			files = (
			);
			runOnlyForDeploymentPostprocessing = 0;
		};
		B934AF6324FF4B85000FCEB3 /* Resources */ = {
			isa = PBXResourcesBuildPhase;
			buildActionMask = 2147483647;
			files = (
			);
			runOnlyForDeploymentPostprocessing = 0;
		};
/* End PBXResourcesBuildPhase section */

/* Begin PBXShellScriptBuildPhase section */
		0708A7B8B4A8672AF275E883 /* [CP] Check Pods Manifest.lock */ = {
			isa = PBXShellScriptBuildPhase;
			buildActionMask = 2147483647;
			files = (
			);
			inputFileListPaths = (
			);
			inputPaths = (
				"${PODS_PODFILE_DIR_PATH}/Podfile.lock",
				"${PODS_ROOT}/Manifest.lock",
			);
			name = "[CP] Check Pods Manifest.lock";
			outputFileListPaths = (
			);
			outputPaths = (
				"$(DERIVED_FILE_DIR)/Pods-Digilearn_001-checkManifestLockResult.txt",
			);
			runOnlyForDeploymentPostprocessing = 0;
			shellPath = /bin/sh;
			shellScript = "diff \"${PODS_PODFILE_DIR_PATH}/Podfile.lock\" \"${PODS_ROOT}/Manifest.lock\" > /dev/null\nif [ $? != 0 ] ; then\n    # print error to STDERR\n    echo \"error: The sandbox is not in sync with the Podfile.lock. Run 'pod install' or update your CocoaPods installation.\" >&2\n    exit 1\nfi\n# This output is used by Xcode 'outputs' to avoid re-running this script phase.\necho \"SUCCESS\" > \"${SCRIPT_OUTPUT_FILE_0}\"\n";
			showEnvVarsInLog = 0;
		};
		1DA1DB7F363E1944D12222DC /* [CP] Check Pods Manifest.lock */ = {
			isa = PBXShellScriptBuildPhase;
			buildActionMask = 2147483647;
			files = (
			);
			inputFileListPaths = (
			);
			inputPaths = (
				"${PODS_PODFILE_DIR_PATH}/Podfile.lock",
				"${PODS_ROOT}/Manifest.lock",
			);
			name = "[CP] Check Pods Manifest.lock";
			outputFileListPaths = (
			);
			outputPaths = (
				"$(DERIVED_FILE_DIR)/Pods-Digilearn_001Tests-checkManifestLockResult.txt",
			);
			runOnlyForDeploymentPostprocessing = 0;
			shellPath = /bin/sh;
			shellScript = "diff \"${PODS_PODFILE_DIR_PATH}/Podfile.lock\" \"${PODS_ROOT}/Manifest.lock\" > /dev/null\nif [ $? != 0 ] ; then\n    # print error to STDERR\n    echo \"error: The sandbox is not in sync with the Podfile.lock. Run 'pod install' or update your CocoaPods installation.\" >&2\n    exit 1\nfi\n# This output is used by Xcode 'outputs' to avoid re-running this script phase.\necho \"SUCCESS\" > \"${SCRIPT_OUTPUT_FILE_0}\"\n";
			showEnvVarsInLog = 0;
		};
		6381B8E625374A22F196270E /* [CP] Embed Pods Frameworks */ = {
			isa = PBXShellScriptBuildPhase;
			buildActionMask = 2147483647;
			files = (
			);
			inputFileListPaths = (
				"${PODS_ROOT}/Target Support Files/Pods-Digilearn_001-Digilearn_001UITests/Pods-Digilearn_001-Digilearn_001UITests-frameworks-${CONFIGURATION}-input-files.xcfilelist",
			);
			name = "[CP] Embed Pods Frameworks";
			outputFileListPaths = (
				"${PODS_ROOT}/Target Support Files/Pods-Digilearn_001-Digilearn_001UITests/Pods-Digilearn_001-Digilearn_001UITests-frameworks-${CONFIGURATION}-output-files.xcfilelist",
			);
			runOnlyForDeploymentPostprocessing = 0;
			shellPath = /bin/sh;
			shellScript = "\"${PODS_ROOT}/Target Support Files/Pods-Digilearn_001-Digilearn_001UITests/Pods-Digilearn_001-Digilearn_001UITests-frameworks.sh\"\n";
			showEnvVarsInLog = 0;
		};
		C48012515100904DB48AFA58 /* [CP] Embed Pods Frameworks */ = {
			isa = PBXShellScriptBuildPhase;
			buildActionMask = 2147483647;
			files = (
			);
			inputFileListPaths = (
				"${PODS_ROOT}/Target Support Files/Pods-Digilearn_001/Pods-Digilearn_001-frameworks-${CONFIGURATION}-input-files.xcfilelist",
			);
			name = "[CP] Embed Pods Frameworks";
			outputFileListPaths = (
				"${PODS_ROOT}/Target Support Files/Pods-Digilearn_001/Pods-Digilearn_001-frameworks-${CONFIGURATION}-output-files.xcfilelist",
			);
			runOnlyForDeploymentPostprocessing = 0;
			shellPath = /bin/sh;
			shellScript = "\"${PODS_ROOT}/Target Support Files/Pods-Digilearn_001/Pods-Digilearn_001-frameworks.sh\"\n";
			showEnvVarsInLog = 0;
		};
		EA763A3C3C20D85541372C1B /* [CP] Check Pods Manifest.lock */ = {
			isa = PBXShellScriptBuildPhase;
			buildActionMask = 2147483647;
			files = (
			);
			inputFileListPaths = (
			);
			inputPaths = (
				"${PODS_PODFILE_DIR_PATH}/Podfile.lock",
				"${PODS_ROOT}/Manifest.lock",
			);
			name = "[CP] Check Pods Manifest.lock";
			outputFileListPaths = (
			);
			outputPaths = (
				"$(DERIVED_FILE_DIR)/Pods-Digilearn_001-Digilearn_001UITests-checkManifestLockResult.txt",
			);
			runOnlyForDeploymentPostprocessing = 0;
			shellPath = /bin/sh;
			shellScript = "diff \"${PODS_PODFILE_DIR_PATH}/Podfile.lock\" \"${PODS_ROOT}/Manifest.lock\" > /dev/null\nif [ $? != 0 ] ; then\n    # print error to STDERR\n    echo \"error: The sandbox is not in sync with the Podfile.lock. Run 'pod install' or update your CocoaPods installation.\" >&2\n    exit 1\nfi\n# This output is used by Xcode 'outputs' to avoid re-running this script phase.\necho \"SUCCESS\" > \"${SCRIPT_OUTPUT_FILE_0}\"\n";
			showEnvVarsInLog = 0;
		};
/* End PBXShellScriptBuildPhase section */

/* Begin PBXSourcesBuildPhase section */
		B934AF3D24FF4B82000FCEB3 /* Sources */ = {
			isa = PBXSourcesBuildPhase;
			buildActionMask = 2147483647;
			files = (
				B9D0535D2502369500F1AC03 /* BottomBorderTF.swift in Sources */,
				B94585EE2509FDDF00330DAC /* EventDetailViewController.swift in Sources */,
				B98C4490250B1AD900363F8C /* HomeTabBarController.swift in Sources */,
				B934AF4924FF4B82000FCEB3 /* ViewController.swift in Sources */,
				B9D0535A2502278F00F1AC03 /* RegisterViewController.swift in Sources */,
				B99FA3142505D2E600A59C59 /* PrivacyViewController.swift in Sources */,
				B94585DD2509C6DA00330DAC /* SliderTableViewCell.swift in Sources */,
				B9D0534D2501E06B00F1AC03 /* DigilearnParams.swift in Sources */,
				B94585E22509C6DA00330DAC /* BannerCollectionViewCell.swift in Sources */,
				B98C449F250B4DCA00363F8C /* BannerModel.swift in Sources */,
				B99FA32025060A0B00A59C59 /* MyEventViewController.swift in Sources */,
				B94585EA2509D1D800330DAC /* MyEventTableViewCell.swift in Sources */,
				B98C449B250B452B00363F8C /* HomeBannerTableViewCell.swift in Sources */,
				B934AF4F24FF4B82000FCEB3 /* Digilearn_001.xcdatamodeld in Sources */,
				B934AF4524FF4B82000FCEB3 /* AppDelegate.swift in Sources */,
				B94585E12509C6DA00330DAC /* MenuTableViewCell.swift in Sources */,
				B99FA3102505CC7400A59C59 /* SplashViewController.swift in Sources */,
				B92A7281250087470010D52D /* LoginModel.swift in Sources */,
				B99FA32625060C0B00A59C59 /* EventModel.swift in Sources */,
				B94585E02509C6DA00330DAC /* EventTableViewCell.swift in Sources */,
				B99FA31B2505E65D00A59C59 /* FAQViewController.swift in Sources */,
				B934AFE024FFA88D000FCEB3 /* LoginViewController.swift in Sources */,
				B9D053512501FF0500F1AC03 /* ForgetPasswordViewController.swift in Sources */,
				B94585DB2509C6DA00330DAC /* HomeViewController.swift in Sources */,
				B99FA3172505E07100A59C59 /* RegisterModel.swift in Sources */,
				B934AF4724FF4B82000FCEB3 /* SceneDelegate.swift in Sources */,
				B94585F1250A0D7D00330DAC /* EventDetailModel.swift in Sources */,
				B9D053542502185600F1AC03 /* ForgetPasswordModel.swift in Sources */,
				B9D05357250225A600F1AC03 /* DigilearnKeys.swift in Sources */,
				B94585F3250A2FFE00330DAC /* RegisterEventModel.swift in Sources */,
			);
			runOnlyForDeploymentPostprocessing = 0;
		};
		B934AF5624FF4B85000FCEB3 /* Sources */ = {
			isa = PBXSourcesBuildPhase;
			buildActionMask = 2147483647;
			files = (
				B934AF5F24FF4B85000FCEB3 /* Digilearn_001Tests.swift in Sources */,
			);
			runOnlyForDeploymentPostprocessing = 0;
		};
		B934AF6124FF4B85000FCEB3 /* Sources */ = {
			isa = PBXSourcesBuildPhase;
			buildActionMask = 2147483647;
			files = (
				B934AF6A24FF4B85000FCEB3 /* Digilearn_001UITests.swift in Sources */,
			);
			runOnlyForDeploymentPostprocessing = 0;
		};
/* End PBXSourcesBuildPhase section */

/* Begin PBXTargetDependency section */
		B934AF5C24FF4B85000FCEB3 /* PBXTargetDependency */ = {
			isa = PBXTargetDependency;
			target = B934AF4024FF4B82000FCEB3 /* Digilearn_001 */;
			targetProxy = B934AF5B24FF4B85000FCEB3 /* PBXContainerItemProxy */;
		};
		B934AF6724FF4B85000FCEB3 /* PBXTargetDependency */ = {
			isa = PBXTargetDependency;
			target = B934AF4024FF4B82000FCEB3 /* Digilearn_001 */;
			targetProxy = B934AF6624FF4B85000FCEB3 /* PBXContainerItemProxy */;
		};
/* End PBXTargetDependency section */

/* Begin PBXVariantGroup section */
		B934AF5224FF4B85000FCEB3 /* LaunchScreen.storyboard */ = {
			isa = PBXVariantGroup;
			children = (
				B934AF5324FF4B85000FCEB3 /* Base */,
			);
			name = LaunchScreen.storyboard;
			sourceTree = "<group>";
		};
/* End PBXVariantGroup section */

/* Begin XCBuildConfiguration section */
		B934AF6C24FF4B85000FCEB3 /* Debug */ = {
			isa = XCBuildConfiguration;
			buildSettings = {
				ALWAYS_SEARCH_USER_PATHS = NO;
				CLANG_ANALYZER_NONNULL = YES;
				CLANG_ANALYZER_NUMBER_OBJECT_CONVERSION = YES_AGGRESSIVE;
				CLANG_CXX_LANGUAGE_STANDARD = "gnu++14";
				CLANG_CXX_LIBRARY = "libc++";
				CLANG_ENABLE_MODULES = YES;
				CLANG_ENABLE_OBJC_ARC = YES;
				CLANG_ENABLE_OBJC_WEAK = YES;
				CLANG_WARN_BLOCK_CAPTURE_AUTORELEASING = YES;
				CLANG_WARN_BOOL_CONVERSION = YES;
				CLANG_WARN_COMMA = YES;
				CLANG_WARN_CONSTANT_CONVERSION = YES;
				CLANG_WARN_DEPRECATED_OBJC_IMPLEMENTATIONS = YES;
				CLANG_WARN_DIRECT_OBJC_ISA_USAGE = YES_ERROR;
				CLANG_WARN_DOCUMENTATION_COMMENTS = YES;
				CLANG_WARN_EMPTY_BODY = YES;
				CLANG_WARN_ENUM_CONVERSION = YES;
				CLANG_WARN_INFINITE_RECURSION = YES;
				CLANG_WARN_INT_CONVERSION = YES;
				CLANG_WARN_NON_LITERAL_NULL_CONVERSION = YES;
				CLANG_WARN_OBJC_IMPLICIT_RETAIN_SELF = YES;
				CLANG_WARN_OBJC_LITERAL_CONVERSION = YES;
				CLANG_WARN_OBJC_ROOT_CLASS = YES_ERROR;
				CLANG_WARN_RANGE_LOOP_ANALYSIS = YES;
				CLANG_WARN_STRICT_PROTOTYPES = YES;
				CLANG_WARN_SUSPICIOUS_MOVE = YES;
				CLANG_WARN_UNGUARDED_AVAILABILITY = YES_AGGRESSIVE;
				CLANG_WARN_UNREACHABLE_CODE = YES;
				CLANG_WARN__DUPLICATE_METHOD_MATCH = YES;
				COPY_PHASE_STRIP = NO;
				DEBUG_INFORMATION_FORMAT = dwarf;
				ENABLE_STRICT_OBJC_MSGSEND = YES;
				ENABLE_TESTABILITY = YES;
				GCC_C_LANGUAGE_STANDARD = gnu11;
				GCC_DYNAMIC_NO_PIC = NO;
				GCC_NO_COMMON_BLOCKS = YES;
				GCC_OPTIMIZATION_LEVEL = 0;
				GCC_PREPROCESSOR_DEFINITIONS = (
					"DEBUG=1",
					"$(inherited)",
				);
				GCC_WARN_64_TO_32_BIT_CONVERSION = YES;
				GCC_WARN_ABOUT_RETURN_TYPE = YES_ERROR;
				GCC_WARN_UNDECLARED_SELECTOR = YES;
				GCC_WARN_UNINITIALIZED_AUTOS = YES_AGGRESSIVE;
				GCC_WARN_UNUSED_FUNCTION = YES;
				GCC_WARN_UNUSED_VARIABLE = YES;
				IPHONEOS_DEPLOYMENT_TARGET = 13.2;
				MTL_ENABLE_DEBUG_INFO = INCLUDE_SOURCE;
				MTL_FAST_MATH = YES;
				ONLY_ACTIVE_ARCH = YES;
				SDKROOT = iphoneos;
				SWIFT_ACTIVE_COMPILATION_CONDITIONS = DEBUG;
				SWIFT_OPTIMIZATION_LEVEL = "-Onone";
			};
			name = Debug;
		};
		B934AF6D24FF4B85000FCEB3 /* Release */ = {
			isa = XCBuildConfiguration;
			buildSettings = {
				ALWAYS_SEARCH_USER_PATHS = NO;
				CLANG_ANALYZER_NONNULL = YES;
				CLANG_ANALYZER_NUMBER_OBJECT_CONVERSION = YES_AGGRESSIVE;
				CLANG_CXX_LANGUAGE_STANDARD = "gnu++14";
				CLANG_CXX_LIBRARY = "libc++";
				CLANG_ENABLE_MODULES = YES;
				CLANG_ENABLE_OBJC_ARC = YES;
				CLANG_ENABLE_OBJC_WEAK = YES;
				CLANG_WARN_BLOCK_CAPTURE_AUTORELEASING = YES;
				CLANG_WARN_BOOL_CONVERSION = YES;
				CLANG_WARN_COMMA = YES;
				CLANG_WARN_CONSTANT_CONVERSION = YES;
				CLANG_WARN_DEPRECATED_OBJC_IMPLEMENTATIONS = YES;
				CLANG_WARN_DIRECT_OBJC_ISA_USAGE = YES_ERROR;
				CLANG_WARN_DOCUMENTATION_COMMENTS = YES;
				CLANG_WARN_EMPTY_BODY = YES;
				CLANG_WARN_ENUM_CONVERSION = YES;
				CLANG_WARN_INFINITE_RECURSION = YES;
				CLANG_WARN_INT_CONVERSION = YES;
				CLANG_WARN_NON_LITERAL_NULL_CONVERSION = YES;
				CLANG_WARN_OBJC_IMPLICIT_RETAIN_SELF = YES;
				CLANG_WARN_OBJC_LITERAL_CONVERSION = YES;
				CLANG_WARN_OBJC_ROOT_CLASS = YES_ERROR;
				CLANG_WARN_RANGE_LOOP_ANALYSIS = YES;
				CLANG_WARN_STRICT_PROTOTYPES = YES;
				CLANG_WARN_SUSPICIOUS_MOVE = YES;
				CLANG_WARN_UNGUARDED_AVAILABILITY = YES_AGGRESSIVE;
				CLANG_WARN_UNREACHABLE_CODE = YES;
				CLANG_WARN__DUPLICATE_METHOD_MATCH = YES;
				COPY_PHASE_STRIP = NO;
				DEBUG_INFORMATION_FORMAT = "dwarf-with-dsym";
				ENABLE_NS_ASSERTIONS = NO;
				ENABLE_STRICT_OBJC_MSGSEND = YES;
				GCC_C_LANGUAGE_STANDARD = gnu11;
				GCC_NO_COMMON_BLOCKS = YES;
				GCC_WARN_64_TO_32_BIT_CONVERSION = YES;
				GCC_WARN_ABOUT_RETURN_TYPE = YES_ERROR;
				GCC_WARN_UNDECLARED_SELECTOR = YES;
				GCC_WARN_UNINITIALIZED_AUTOS = YES_AGGRESSIVE;
				GCC_WARN_UNUSED_FUNCTION = YES;
				GCC_WARN_UNUSED_VARIABLE = YES;
				IPHONEOS_DEPLOYMENT_TARGET = 13.2;
				MTL_ENABLE_DEBUG_INFO = NO;
				MTL_FAST_MATH = YES;
				SDKROOT = iphoneos;
				SWIFT_COMPILATION_MODE = wholemodule;
				SWIFT_OPTIMIZATION_LEVEL = "-O";
				VALIDATE_PRODUCT = YES;
			};
			name = Release;
		};
		B934AF6F24FF4B85000FCEB3 /* Debug */ = {
			isa = XCBuildConfiguration;
			baseConfigurationReference = 09F9B172F064428230966740 /* Pods-Digilearn_001.debug.xcconfig */;
			buildSettings = {
				ASSETCATALOG_COMPILER_APPICON_NAME = AppIcon;
				CODE_SIGN_STYLE = Automatic;
				DEVELOPMENT_TEAM = LYF5M37FJ9;
				INFOPLIST_FILE = Digilearn_001/Info.plist;
				LD_RUNPATH_SEARCH_PATHS = (
					"$(inherited)",
					"@executable_path/Frameworks",
				);
				PRODUCT_BUNDLE_IDENTIFIER = "digimaster.Digilearn-001";
				PRODUCT_NAME = "$(TARGET_NAME)";
				SWIFT_VERSION = 5.0;
				TARGETED_DEVICE_FAMILY = "1,2";
			};
			name = Debug;
		};
		B934AF7024FF4B85000FCEB3 /* Release */ = {
			isa = XCBuildConfiguration;
			baseConfigurationReference = 8C6B55D88B707C87B25641EC /* Pods-Digilearn_001.release.xcconfig */;
			buildSettings = {
				ASSETCATALOG_COMPILER_APPICON_NAME = AppIcon;
				CODE_SIGN_STYLE = Automatic;
				DEVELOPMENT_TEAM = LYF5M37FJ9;
				INFOPLIST_FILE = Digilearn_001/Info.plist;
				LD_RUNPATH_SEARCH_PATHS = (
					"$(inherited)",
					"@executable_path/Frameworks",
				);
				PRODUCT_BUNDLE_IDENTIFIER = "digimaster.Digilearn-001";
				PRODUCT_NAME = "$(TARGET_NAME)";
				SWIFT_VERSION = 5.0;
				TARGETED_DEVICE_FAMILY = "1,2";
			};
			name = Release;
		};
		B934AF7224FF4B85000FCEB3 /* Debug */ = {
			isa = XCBuildConfiguration;
			baseConfigurationReference = 2C1E4F818D30DD7A95EF9C7F /* Pods-Digilearn_001Tests.debug.xcconfig */;
			buildSettings = {
				ALWAYS_EMBED_SWIFT_STANDARD_LIBRARIES = YES;
				BUNDLE_LOADER = "$(TEST_HOST)";
				CODE_SIGN_STYLE = Automatic;
				INFOPLIST_FILE = Digilearn_001Tests/Info.plist;
				IPHONEOS_DEPLOYMENT_TARGET = 13.2;
				LD_RUNPATH_SEARCH_PATHS = (
					"$(inherited)",
					"@executable_path/Frameworks",
					"@loader_path/Frameworks",
				);
				PRODUCT_BUNDLE_IDENTIFIER = "digimaster.Digilearn-001Tests";
				PRODUCT_NAME = "$(TARGET_NAME)";
				SWIFT_VERSION = 5.0;
				TARGETED_DEVICE_FAMILY = "1,2";
				TEST_HOST = "$(BUILT_PRODUCTS_DIR)/Digilearn_001.app/Digilearn_001";
			};
			name = Debug;
		};
		B934AF7324FF4B85000FCEB3 /* Release */ = {
			isa = XCBuildConfiguration;
			baseConfigurationReference = BC42425861CC009612B8FC89 /* Pods-Digilearn_001Tests.release.xcconfig */;
			buildSettings = {
				ALWAYS_EMBED_SWIFT_STANDARD_LIBRARIES = YES;
				BUNDLE_LOADER = "$(TEST_HOST)";
				CODE_SIGN_STYLE = Automatic;
				INFOPLIST_FILE = Digilearn_001Tests/Info.plist;
				IPHONEOS_DEPLOYMENT_TARGET = 13.2;
				LD_RUNPATH_SEARCH_PATHS = (
					"$(inherited)",
					"@executable_path/Frameworks",
					"@loader_path/Frameworks",
				);
				PRODUCT_BUNDLE_IDENTIFIER = "digimaster.Digilearn-001Tests";
				PRODUCT_NAME = "$(TARGET_NAME)";
				SWIFT_VERSION = 5.0;
				TARGETED_DEVICE_FAMILY = "1,2";
				TEST_HOST = "$(BUILT_PRODUCTS_DIR)/Digilearn_001.app/Digilearn_001";
			};
			name = Release;
		};
		B934AF7524FF4B85000FCEB3 /* Debug */ = {
			isa = XCBuildConfiguration;
			baseConfigurationReference = 472D2387F0542EC167DCF5C4 /* Pods-Digilearn_001-Digilearn_001UITests.debug.xcconfig */;
			buildSettings = {
				ALWAYS_EMBED_SWIFT_STANDARD_LIBRARIES = YES;
				CODE_SIGN_STYLE = Automatic;
				INFOPLIST_FILE = Digilearn_001UITests/Info.plist;
				LD_RUNPATH_SEARCH_PATHS = (
					"$(inherited)",
					"@executable_path/Frameworks",
					"@loader_path/Frameworks",
				);
				PRODUCT_BUNDLE_IDENTIFIER = "digimaster.Digilearn-001UITests";
				PRODUCT_NAME = "$(TARGET_NAME)";
				SWIFT_VERSION = 5.0;
				TARGETED_DEVICE_FAMILY = "1,2";
				TEST_TARGET_NAME = Digilearn_001;
			};
			name = Debug;
		};
		B934AF7624FF4B85000FCEB3 /* Release */ = {
			isa = XCBuildConfiguration;
			baseConfigurationReference = 5D64FDB60A9BBFC9B4C1B9F6 /* Pods-Digilearn_001-Digilearn_001UITests.release.xcconfig */;
			buildSettings = {
				ALWAYS_EMBED_SWIFT_STANDARD_LIBRARIES = YES;
				CODE_SIGN_STYLE = Automatic;
				INFOPLIST_FILE = Digilearn_001UITests/Info.plist;
				LD_RUNPATH_SEARCH_PATHS = (
					"$(inherited)",
					"@executable_path/Frameworks",
					"@loader_path/Frameworks",
				);
				PRODUCT_BUNDLE_IDENTIFIER = "digimaster.Digilearn-001UITests";
				PRODUCT_NAME = "$(TARGET_NAME)";
				SWIFT_VERSION = 5.0;
				TARGETED_DEVICE_FAMILY = "1,2";
				TEST_TARGET_NAME = Digilearn_001;
			};
			name = Release;
		};
/* End XCBuildConfiguration section */

/* Begin XCConfigurationList section */
		B934AF3C24FF4B82000FCEB3 /* Build configuration list for PBXProject "Digilearn_001" */ = {
			isa = XCConfigurationList;
			buildConfigurations = (
				B934AF6C24FF4B85000FCEB3 /* Debug */,
				B934AF6D24FF4B85000FCEB3 /* Release */,
			);
			defaultConfigurationIsVisible = 0;
			defaultConfigurationName = Release;
		};
		B934AF6E24FF4B85000FCEB3 /* Build configuration list for PBXNativeTarget "Digilearn_001" */ = {
			isa = XCConfigurationList;
			buildConfigurations = (
				B934AF6F24FF4B85000FCEB3 /* Debug */,
				B934AF7024FF4B85000FCEB3 /* Release */,
			);
			defaultConfigurationIsVisible = 0;
			defaultConfigurationName = Release;
		};
		B934AF7124FF4B85000FCEB3 /* Build configuration list for PBXNativeTarget "Digilearn_001Tests" */ = {
			isa = XCConfigurationList;
			buildConfigurations = (
				B934AF7224FF4B85000FCEB3 /* Debug */,
				B934AF7324FF4B85000FCEB3 /* Release */,
			);
			defaultConfigurationIsVisible = 0;
			defaultConfigurationName = Release;
		};
		B934AF7424FF4B85000FCEB3 /* Build configuration list for PBXNativeTarget "Digilearn_001UITests" */ = {
			isa = XCConfigurationList;
			buildConfigurations = (
				B934AF7524FF4B85000FCEB3 /* Debug */,
				B934AF7624FF4B85000FCEB3 /* Release */,
			);
			defaultConfigurationIsVisible = 0;
			defaultConfigurationName = Release;
		};
/* End XCConfigurationList section */

/* Begin XCVersionGroup section */
		B934AF4D24FF4B82000FCEB3 /* Digilearn_001.xcdatamodeld */ = {
			isa = XCVersionGroup;
			children = (
				B934AF4E24FF4B82000FCEB3 /* Digilearn_001.xcdatamodel */,
			);
			currentVersion = B934AF4E24FF4B82000FCEB3 /* Digilearn_001.xcdatamodel */;
			path = Digilearn_001.xcdatamodeld;
			sourceTree = "<group>";
			versionGroupType = wrapper.xcdatamodel;
		};
/* End XCVersionGroup section */
	};
	rootObject = B934AF3924FF4B82000FCEB3 /* Project object */;
}
